
Microsoft Visual Studio Solution File, Format Version 12.00
# Visual Studio Express 2012 for Web
Project("{FAE04EC0-301F-11D3-BF4B-00C04F79EFBC}") = "TryNPersist.Tests", "TryNPersist.Tests\TryNPersist.Tests.csproj", "{C8122A5E-EB4A-4C36-BC98-DA390AB0E8D6}"
EndProject
Project("{2150E333-8FDC-42A3-9474-1A3956D46DE8}") = "Dependencies", "Dependencies", "{62049007-71EE-4080-BF47-22CB8617B783}"
EndProject
Project("{FAE04EC0-301F-11D3-BF4B-00C04F79EFBC}") = "Puzzle.NCore.Framework NET 3.5", "..\..\1. Software System\X\9. JJ\External Components\NPersist\Source Code\NCore\Framework\Puzzle.NCore.Framework NET 3.5.csproj", "{5FB1569E-253E-42A7-A4E8-B4651FC6DCA2}"
EndProject
Project("{FAE04EC0-301F-11D3-BF4B-00C04F79EFBC}") = "Puzzle.NAspect.Framework.NET 3.5", "..\..\1. Software System\X\9. JJ\External Components\NPersist\Source Code\NAspect\Framework\Puzzle.NAspect.Framework.NET 3.5.csproj", "{D08F9A33-6D4E-43E9-86F2-8E79EC115B9E}"
EndProject
Project("{FAE04EC0-301F-11D3-BF4B-00C04F79EFBC}") = "Puzzle.NPath.Framework.NET 3.5", "..\..\1. Software System\X\9. JJ\External Components\NPersist\Source Code\NPath\Framework\Puzzle.NPath.Framework.NET 3.5.csproj", "{7F415FBF-21FA-4E00-82DE-AAD8CEECC84B}"
EndProject
Project("{FAE04EC0-301F-11D3-BF4B-00C04F79EFBC}") = "Puzzle.NPersist.Framework.NET 3.5", "..\..\1. Software System\X\9. JJ\External Components\NPersist\Source Code\NPersist\Framework\Puzzle.NPersist.Framework.NET 3.5.csproj", "{E6C03D2A-D150-4473-9439-D300746A1390}"
EndProject
Project("{FAE04EC0-301F-11D3-BF4B-00C04F79EFBC}") = "TryNPersist.Model", "TryNPersist.Model\TryNPersist.Model.csproj", "{B3281E93-22D7-43F7-9643-5F4F79BD5B82}"
EndProject
Global
	GlobalSection(SolutionConfigurationPlatforms) = preSolution
		Debug|Any CPU = Debug|Any CPU
		NPDebug|Any CPU = NPDebug|Any CPU
		Release|Any CPU = Release|Any CPU
	EndGlobalSection
	GlobalSection(ProjectConfigurationPlatforms) = postSolution
		{C8122A5E-EB4A-4C36-BC98-DA390AB0E8D6}.Debug|Any CPU.ActiveCfg = Debug|Any CPU
		{C8122A5E-EB4A-4C36-BC98-DA390AB0E8D6}.Debug|Any CPU.Build.0 = Debug|Any CPU
		{C8122A5E-EB4A-4C36-BC98-DA390AB0E8D6}.NPDebug|Any CPU.ActiveCfg = Debug|Any CPU
		{C8122A5E-EB4A-4C36-BC98-DA390AB0E8D6}.NPDebug|Any CPU.Build.0 = Debug|Any CPU
		{C8122A5E-EB4A-4C36-BC98-DA390AB0E8D6}.Release|Any CPU.ActiveCfg = Release|Any CPU
		{C8122A5E-EB4A-4C36-BC98-DA390AB0E8D6}.Release|Any CPU.Build.0 = Release|Any CPU
		{5FB1569E-253E-42A7-A4E8-B4651FC6DCA2}.Debug|Any CPU.ActiveCfg = Debug|Any CPU
		{5FB1569E-253E-42A7-A4E8-B4651FC6DCA2}.Debug|Any CPU.Build.0 = Debug|Any CPU
		{5FB1569E-253E-42A7-A4E8-B4651FC6DCA2}.NPDebug|Any CPU.ActiveCfg = Debug|Any CPU
		{5FB1569E-253E-42A7-A4E8-B4651FC6DCA2}.NPDebug|Any CPU.Build.0 = Debug|Any CPU
		{5FB1569E-253E-42A7-A4E8-B4651FC6DCA2}.Release|Any CPU.ActiveCfg = Release|Any CPU
		{5FB1569E-253E-42A7-A4E8-B4651FC6DCA2}.Release|Any CPU.Build.0 = Release|Any CPU
		{D08F9A33-6D4E-43E9-86F2-8E79EC115B9E}.Debug|Any CPU.ActiveCfg = Debug|Any CPU
		{D08F9A33-6D4E-43E9-86F2-8E79EC115B9E}.Debug|Any CPU.Build.0 = Debug|Any CPU
		{D08F9A33-6D4E-43E9-86F2-8E79EC115B9E}.NPDebug|Any CPU.ActiveCfg = Debug|Any CPU
		{D08F9A33-6D4E-43E9-86F2-8E79EC115B9E}.NPDebug|Any CPU.Build.0 = Debug|Any CPU
		{D08F9A33-6D4E-43E9-86F2-8E79EC115B9E}.Release|Any CPU.ActiveCfg = Release|Any CPU
		{D08F9A33-6D4E-43E9-86F2-8E79EC115B9E}.Release|Any CPU.Build.0 = Release|Any CPU
		{7F415FBF-21FA-4E00-82DE-AAD8CEECC84B}.Debug|Any CPU.ActiveCfg = Debug|Any CPU
		{7F415FBF-21FA-4E00-82DE-AAD8CEECC84B}.Debug|Any CPU.Build.0 = Debug|Any CPU
		{7F415FBF-21FA-4E00-82DE-AAD8CEECC84B}.NPDebug|Any CPU.ActiveCfg = Debug|Any CPU
		{7F415FBF-21FA-4E00-82DE-AAD8CEECC84B}.NPDebug|Any CPU.Build.0 = Debug|Any CPU
		{7F415FBF-21FA-4E00-82DE-AAD8CEECC84B}.Release|Any CPU.ActiveCfg = Release|Any CPU
		{7F415FBF-21FA-4E00-82DE-AAD8CEECC84B}.Release|Any CPU.Build.0 = Release|Any CPU
		{E6C03D2A-D150-4473-9439-D300746A1390}.Debug|Any CPU.ActiveCfg = Debug|Any CPU
		{E6C03D2A-D150-4473-9439-D300746A1390}.Debug|Any CPU.Build.0 = Debug|Any CPU
		{E6C03D2A-D150-4473-9439-D300746A1390}.NPDebug|Any CPU.ActiveCfg = NPDebug|Any CPU
		{E6C03D2A-D150-4473-9439-D300746A1390}.NPDebug|Any CPU.Build.0 = NPDebug|Any CPU
		{E6C03D2A-D150-4473-9439-D300746A1390}.Release|Any CPU.ActiveCfg = Release|Any CPU
		{E6C03D2A-D150-4473-9439-D300746A1390}.Release|Any CPU.Build.0 = Release|Any CPU
		{B3281E93-22D7-43F7-9643-5F4F79BD5B82}.Debug|Any CPU.ActiveCfg = Debug|Any CPU
		{B3281E93-22D7-43F7-9643-5F4F79BD5B82}.Debug|Any CPU.Build.0 = Debug|Any CPU
		{B3281E93-22D7-43F7-9643-5F4F79BD5B82}.NPDebug|Any CPU.ActiveCfg = Debug|Any CPU
		{B3281E93-22D7-43F7-9643-5F4F79BD5B82}.NPDebug|Any CPU.Build.0 = Debug|Any CPU
		{B3281E93-22D7-43F7-9643-5F4F79BD5B82}.Release|Any CPU.ActiveCfg = Release|Any CPU
		{B3281E93-22D7-43F7-9643-5F4F79BD5B82}.Release|Any CPU.Build.0 = Release|Any CPU
	EndGlobalSection
	GlobalSection(SolutionProperties) = preSolution
		HideSolutionNode = FALSE
	EndGlobalSection
	GlobalSection(NestedProjects) = preSolution
		{5FB1569E-253E-42A7-A4E8-B4651FC6DCA2} = {62049007-71EE-4080-BF47-22CB8617B783}
		{D08F9A33-6D4E-43E9-86F2-8E79EC115B9E} = {62049007-71EE-4080-BF47-22CB8617B783}
		{7F415FBF-21FA-4E00-82DE-AAD8CEECC84B} = {62049007-71EE-4080-BF47-22CB8617B783}
		{E6C03D2A-D150-4473-9439-D300746A1390} = {62049007-71EE-4080-BF47-22CB8617B783}
	EndGlobalSection
EndGlobal
