Microsoft Visual Studio Solution File, Format Version 8.00
Project("{FAE04EC0-301F-11D3-BF4B-00C04F79EFBC}") = "PEditGtkSharp", "PEditGtkSharp\PEditGtkSharp.csproj", "{C7AEB064-239F-4A67-B9D2-86BAAD3F9B2D}"
	ProjectSection(ProjectDependencies) = postProject
	EndProjectSection
EndProject
Global
	GlobalSection(SolutionConfiguration) = preSolution
		Debug = Debug
		Release = Release
	EndGlobalSection
	GlobalSection(ProjectConfiguration) = postSolution
		{C7AEB064-239F-4A67-B9D2-86BAAD3F9B2D}.Debug.ActiveCfg = Debug|.NET
		{C7AEB064-239F-4A67-B9D2-86BAAD3F9B2D}.Debug.Build.0 = Debug|.NET
		{C7AEB064-239F-4A67-B9D2-86BAAD3F9B2D}.Release.ActiveCfg = Release|.NET
		{C7AEB064-239F-4A67-B9D2-86BAAD3F9B2D}.Release.Build.0 = Release|.NET
	EndGlobalSection
	GlobalSection(ExtensibilityGlobals) = postSolution
	EndGlobalSection
	GlobalSection(ExtensibilityAddIns) = postSolution
	EndGlobalSection
EndGlobal
