
Microsoft Visual Studio Solution File, Format Version 12.00
# Visual Studio Version 16
VisualStudioVersion = 16.0.30413.136
MinimumVisualStudioVersion = 10.0.40219.1
Project("{FAE04EC0-301F-11D3-BF4B-00C04F79EFBC}") = "ClassLibrary1", "ClassLibrary1\ClassLibrary1.csproj", "{3ABF13D7-75A4-416D-95EC-9F27ABB155F7}"
EndProject
Project("{54435603-DBB4-11D2-8724-00A0C9A8B90C}") = "Setup1", "Setup1\Setup1.vdproj", "{5F1ACDB7-2AA2-4CF6-A923-2CFDDDA28669}"
EndProject
Global
	GlobalSection(SolutionConfigurationPlatforms) = preSolution
		Debug|Any CPU = Debug|Any CPU
		Release|Any CPU = Release|Any CPU
	EndGlobalSection
	GlobalSection(ProjectConfigurationPlatforms) = postSolution
		{3ABF13D7-75A4-416D-95EC-9F27ABB155F7}.Debug|Any CPU.ActiveCfg = Debug|Any CPU
		{3ABF13D7-75A4-416D-95EC-9F27ABB155F7}.Debug|Any CPU.Build.0 = Debug|Any CPU
		{3ABF13D7-75A4-416D-95EC-9F27ABB155F7}.Release|Any CPU.ActiveCfg = Release|Any CPU
		{3ABF13D7-75A4-416D-95EC-9F27ABB155F7}.Release|Any CPU.Build.0 = Release|Any CPU
		{5F1ACDB7-2AA2-4CF6-A923-2CFDDDA28669}.Debug|Any CPU.ActiveCfg = Debug
		{5F1ACDB7-2AA2-4CF6-A923-2CFDDDA28669}.Debug|Any CPU.Build.0 = Debug
		{5F1ACDB7-2AA2-4CF6-A923-2CFDDDA28669}.Release|Any CPU.ActiveCfg = Release
		{5F1ACDB7-2AA2-4CF6-A923-2CFDDDA28669}.Release|Any CPU.Build.0 = Release
	EndGlobalSection
	GlobalSection(SolutionProperties) = preSolution
		HideSolutionNode = FALSE
	EndGlobalSection
	GlobalSection(ExtensibilityGlobals) = postSolution
		SolutionGuid = {2F71BE2A-D0AC-47B6-988F-47010C3960BF}
	EndGlobalSection
EndGlobal
