
Microsoft Visual Studio Solution File, Format Version 11.00
# Visual Studio 2010
Project("{2150E333-8FDC-42A3-9474-1A3956D46DE8}") = "Windows.NET", "Windows.NET", "{EB4E43C2-2F43-4ED2-ADFE-2C03390C38B0}"
EndProject
Project("{2150E333-8FDC-42A3-9474-1A3956D46DE8}") = "WindowsPhone", "WindowsPhone", "{688EA8A5-BCF7-415E-A969-7C66C592634F}"
EndProject
Project("{2150E333-8FDC-42A3-9474-1A3956D46DE8}") = "Android", "Android", "{171C00BB-0102-4982-9DE7-40FE2134FF53}"
EndProject
Project("{FAE04EC0-301F-11D3-BF4B-00C04F79EFBC}") = "MonoCross.Navigation.MD", "MonoCross.Navigation\MonoCross.Navigation.MD.csproj", "{0D2CC54A-4716-40B9-8110-453F528810FC}"
EndProject
Project("{FAE04EC0-301F-11D3-BF4B-00C04F79EFBC}") = "MonoCross.Utilities.MD", "MonoCross.Utilities.MD.csproj", "{1657B775-3827-40DA-98AF-F8D9CAB44FDA}"
EndProject
Project("{FAE04EC0-301F-11D3-BF4B-00C04F79EFBC}") = "MonoCross.Navigation", "MonoCross.Navigation\MonoCross.Navigation.csproj", "{4618CCFC-5895-4C44-AD25-8BF312A96B86}"
EndProject
Project("{FAE04EC0-301F-11D3-BF4B-00C04F79EFBC}") = "MonoCross.Utilities", "MonoCross.Utilities.csproj", "{FA1AEF62-41B3-4A7F-A8C4-412B4B7F30AB}"
EndProject
Project("{FAE04EC0-301F-11D3-BF4B-00C04F79EFBC}") = "MonoCross.Navigation.WP", "MonoCross.Navigation\MonoCross.Navigation.WP.csproj", "{76103962-3E57-4087-AAEF-65FA0BAB40C1}"
EndProject
Project("{FAE04EC0-301F-11D3-BF4B-00C04F79EFBC}") = "MonoCross.Utilities.WP", "MonoCross.Utilities.WP.csproj", "{C4DE5AF2-F6F4-4447-B6A9-61F7BF4EB123}"
EndProject
Global
	GlobalSection(SolutionConfigurationPlatforms) = preSolution
		Debug|Any CPU = Debug|Any CPU
		Release|Any CPU = Release|Any CPU
	EndGlobalSection
	GlobalSection(ProjectConfigurationPlatforms) = postSolution
		{0D2CC54A-4716-40B9-8110-453F528810FC}.Debug|Any CPU.ActiveCfg = Debug|Any CPU
		{0D2CC54A-4716-40B9-8110-453F528810FC}.Debug|Any CPU.Build.0 = Debug|Any CPU
		{0D2CC54A-4716-40B9-8110-453F528810FC}.Release|Any CPU.ActiveCfg = Release|Any CPU
		{0D2CC54A-4716-40B9-8110-453F528810FC}.Release|Any CPU.Build.0 = Release|Any CPU
		{1657B775-3827-40DA-98AF-F8D9CAB44FDA}.Debug|Any CPU.ActiveCfg = Debug|Any CPU
		{1657B775-3827-40DA-98AF-F8D9CAB44FDA}.Debug|Any CPU.Build.0 = Debug|Any CPU
		{1657B775-3827-40DA-98AF-F8D9CAB44FDA}.Release|Any CPU.ActiveCfg = Release|Any CPU
		{1657B775-3827-40DA-98AF-F8D9CAB44FDA}.Release|Any CPU.Build.0 = Release|Any CPU
		{4618CCFC-5895-4C44-AD25-8BF312A96B86}.Debug|Any CPU.ActiveCfg = Debug|Any CPU
		{4618CCFC-5895-4C44-AD25-8BF312A96B86}.Debug|Any CPU.Build.0 = Debug|Any CPU
		{4618CCFC-5895-4C44-AD25-8BF312A96B86}.Release|Any CPU.ActiveCfg = Release|Any CPU
		{4618CCFC-5895-4C44-AD25-8BF312A96B86}.Release|Any CPU.Build.0 = Release|Any CPU
		{FA1AEF62-41B3-4A7F-A8C4-412B4B7F30AB}.Debug|Any CPU.ActiveCfg = Debug|Any CPU
		{FA1AEF62-41B3-4A7F-A8C4-412B4B7F30AB}.Debug|Any CPU.Build.0 = Debug|Any CPU
		{FA1AEF62-41B3-4A7F-A8C4-412B4B7F30AB}.Release|Any CPU.ActiveCfg = Release|Any CPU
		{FA1AEF62-41B3-4A7F-A8C4-412B4B7F30AB}.Release|Any CPU.Build.0 = Release|Any CPU
		{76103962-3E57-4087-AAEF-65FA0BAB40C1}.Debug|Any CPU.ActiveCfg = Debug|Any CPU
		{76103962-3E57-4087-AAEF-65FA0BAB40C1}.Debug|Any CPU.Build.0 = Debug|Any CPU
		{76103962-3E57-4087-AAEF-65FA0BAB40C1}.Release|Any CPU.ActiveCfg = Release|Any CPU
		{76103962-3E57-4087-AAEF-65FA0BAB40C1}.Release|Any CPU.Build.0 = Release|Any CPU
		{C4DE5AF2-F6F4-4447-B6A9-61F7BF4EB123}.Debug|Any CPU.ActiveCfg = Debug|Any CPU
		{C4DE5AF2-F6F4-4447-B6A9-61F7BF4EB123}.Debug|Any CPU.Build.0 = Debug|Any CPU
		{C4DE5AF2-F6F4-4447-B6A9-61F7BF4EB123}.Release|Any CPU.ActiveCfg = Release|Any CPU
		{C4DE5AF2-F6F4-4447-B6A9-61F7BF4EB123}.Release|Any CPU.Build.0 = Release|Any CPU
	EndGlobalSection
	GlobalSection(SolutionProperties) = preSolution
		HideSolutionNode = FALSE
	EndGlobalSection
	GlobalSection(NestedProjects) = preSolution
		{4618CCFC-5895-4C44-AD25-8BF312A96B86} = {EB4E43C2-2F43-4ED2-ADFE-2C03390C38B0}
		{FA1AEF62-41B3-4A7F-A8C4-412B4B7F30AB} = {EB4E43C2-2F43-4ED2-ADFE-2C03390C38B0}
		{76103962-3E57-4087-AAEF-65FA0BAB40C1} = {688EA8A5-BCF7-415E-A969-7C66C592634F}
		{C4DE5AF2-F6F4-4447-B6A9-61F7BF4EB123} = {688EA8A5-BCF7-415E-A969-7C66C592634F}
		{0D2CC54A-4716-40B9-8110-453F528810FC} = {171C00BB-0102-4982-9DE7-40FE2134FF53}
		{1657B775-3827-40DA-98AF-F8D9CAB44FDA} = {171C00BB-0102-4982-9DE7-40FE2134FF53}
	EndGlobalSection
EndGlobal
